
Microsoft Visual Studio Solution File, Format Version 12.00
# Visual Studio Version 17
VisualStudioVersion = 17.7.34018.315
MinimumVisualStudioVersion = 10.0.40219.1
Project("{FAE04EC0-301F-11D3-BF4B-00C04F79EFBC}") = "Uppgift 2.6", "Uppgift 2.6\Uppgift 2.6.csproj", "{592E0666-0167-4F08-B946-F527FB71FFC6}"
EndProject
Global
	GlobalSection(SolutionConfigurationPlatforms) = preSolution
		Debug|Any CPU = Debug|Any CPU
		Release|Any CPU = Release|Any CPU
	EndGlobalSection
	GlobalSection(ProjectConfigurationPlatforms) = postSolution
		{592E0666-0167-4F08-B946-F527FB71FFC6}.Debug|Any CPU.ActiveCfg = Debug|Any CPU
		{592E0666-0167-4F08-B946-F527FB71FFC6}.Debug|Any CPU.Build.0 = Debug|Any CPU
		{592E0666-0167-4F08-B946-F527FB71FFC6}.Release|Any CPU.ActiveCfg = Release|Any CPU
		{592E0666-0167-4F08-B946-F527FB71FFC6}.Release|Any CPU.Build.0 = Release|Any CPU
	EndGlobalSection
	GlobalSection(SolutionProperties) = preSolution
		HideSolutionNode = FALSE
	EndGlobalSection
	GlobalSection(ExtensibilityGlobals) = postSolution
		SolutionGuid = {FB318E02-B013-4F6C-936B-D7D8F86B786A}
	EndGlobalSection
EndGlobal
